
Microsoft Visual Studio Solution File, Format Version 12.00
# Visual Studio 15
VisualStudioVersion = 15.0.28307.852
MinimumVisualStudioVersion = 10.0.40219.1
Project("{888888A0-9F3D-457C-B088-3A5042F75D52}") = "DeviceRegression", "DeviceRegression.pyproj", "{2C0C020D-0B29-431D-8390-0003FAB3D6F5}"
EndProject
Global
	GlobalSection(SolutionConfigurationPlatforms) = preSolution
		Debug|Any CPU = Debug|Any CPU
		Release|Any CPU = Release|Any CPU
	EndGlobalSection
	GlobalSection(ProjectConfigurationPlatforms) = postSolution
		{2C0C020D-0B29-431D-8390-0003FAB3D6F5}.Debug|Any CPU.ActiveCfg = Debug|Any CPU
		{2C0C020D-0B29-431D-8390-0003FAB3D6F5}.Release|Any CPU.ActiveCfg = Release|Any CPU
	EndGlobalSection
	GlobalSection(SolutionProperties) = preSolution
		HideSolutionNode = FALSE
	EndGlobalSection
	GlobalSection(ExtensibilityGlobals) = postSolution
		SolutionGuid = {3D0333F4-0DF2-4154-92E5-1B0B5F4F5525}
	EndGlobalSection
EndGlobal
